// !$*UTF8*$!
{
	archiveVersion = 1;
	classes = {
	};
	objectVersion = 56;
	objects = {

/* Begin PBXBuildFile section */
		9A26C12B2918E01400CFEC7F /* howToScanView.swift in Sources */ = {isa = PBXBuildFile; fileRef = 9A26C12A2918E01400CFEC7F /* howToScanView.swift */; };
		9A26C12D291A47E900CFEC7F /* hecateSoundView.swift in Sources */ = {isa = PBXBuildFile; fileRef = 9A26C12C291A47E900CFEC7F /* hecateSoundView.swift */; };
		9A26C130291A4F1300CFEC7F /* sound.mp3 in Resources */ = {isa = PBXBuildFile; fileRef = 9A26C12F291A4F1300CFEC7F /* sound.mp3 */; };
		9A26C132291B9DCB00CFEC7F /* sevenSegmentView.swift in Sources */ = {isa = PBXBuildFile; fileRef = 9A26C131291B9DCB00CFEC7F /* sevenSegmentView.swift */; };
		9A81358529127D1D0079153A /* dummy.swift in Sources */ = {isa = PBXBuildFile; fileRef = 9A81358429127D1D0079153A /* dummy.swift */; };
		9A8135882912838F0079153A /* PolyKit in Frameworks */ = {isa = PBXBuildFile; productRef = 9A8135872912838F0079153A /* PolyKit */; };
		9A8BF032290FB8900027A617 /* menuUIApp.swift in Sources */ = {isa = PBXBuildFile; fileRef = 9A8BF031290FB8900027A617 /* menuUIApp.swift */; };
		9A8BF034290FB8900027A617 /* ContentView.swift in Sources */ = {isa = PBXBuildFile; fileRef = 9A8BF033290FB8900027A617 /* ContentView.swift */; };
		9A8BF036290FB8910027A617 /* Assets.xcassets in Resources */ = {isa = PBXBuildFile; fileRef = 9A8BF035290FB8910027A617 /* Assets.xcassets */; };
		9A8BF039290FB8910027A617 /* Preview Assets.xcassets in Resources */ = {isa = PBXBuildFile; fileRef = 9A8BF038290FB8910027A617 /* Preview Assets.xcassets */; };
		9A8BF043290FB8910027A617 /* menuUITests.swift in Sources */ = {isa = PBXBuildFile; fileRef = 9A8BF042290FB8910027A617 /* menuUITests.swift */; };
		9A8BF04D290FB8910027A617 /* menuUIUITests.swift in Sources */ = {isa = PBXBuildFile; fileRef = 9A8BF04C290FB8910027A617 /* menuUIUITests.swift */; };
		9A8BF04F290FB8910027A617 /* menuUIUITestsLaunchTests.swift in Sources */ = {isa = PBXBuildFile; fileRef = 9A8BF04E290FB8910027A617 /* menuUIUITestsLaunchTests.swift */; };
/* End PBXBuildFile section */

/* Begin PBXContainerItemProxy section */
		9A8BF03F290FB8910027A617 /* PBXContainerItemProxy */ = {
			isa = PBXContainerItemProxy;
			containerPortal = 9A8BF026290FB8900027A617 /* Project object */;
			proxyType = 1;
			remoteGlobalIDString = 9A8BF02D290FB8900027A617;
			remoteInfo = menuUI;
		};
		9A8BF049290FB8910027A617 /* PBXContainerItemProxy */ = {
			isa = PBXContainerItemProxy;
			containerPortal = 9A8BF026290FB8900027A617 /* Project object */;
			proxyType = 1;
			remoteGlobalIDString = 9A8BF02D290FB8900027A617;
			remoteInfo = menuUI;
		};
/* End PBXContainerItemProxy section */

/* Begin PBXFileReference section */
		9A26C12A2918E01400CFEC7F /* howToScanView.swift */ = {isa = PBXFileReference; lastKnownFileType = sourcecode.swift; path = howToScanView.swift; sourceTree = "<group>"; };
		9A26C12C291A47E900CFEC7F /* hecateSoundView.swift */ = {isa = PBXFileReference; lastKnownFileType = sourcecode.swift; path = hecateSoundView.swift; sourceTree = "<group>"; };
		9A26C12F291A4F1300CFEC7F /* sound.mp3 */ = {isa = PBXFileReference; lastKnownFileType = audio.mp3; path = sound.mp3; sourceTree = "<group>"; };
		9A26C131291B9DCB00CFEC7F /* sevenSegmentView.swift */ = {isa = PBXFileReference; lastKnownFileType = sourcecode.swift; path = sevenSegmentView.swift; sourceTree = "<group>"; };
		9A81358429127D1D0079153A /* dummy.swift */ = {isa = PBXFileReference; lastKnownFileType = sourcecode.swift; path = dummy.swift; sourceTree = "<group>"; };
		9A8BF02E290FB8900027A617 /* menuUI.app */ = {isa = PBXFileReference; explicitFileType = wrapper.application; includeInIndex = 0; path = menuUI.app; sourceTree = BUILT_PRODUCTS_DIR; };
		9A8BF031290FB8900027A617 /* menuUIApp.swift */ = {isa = PBXFileReference; lastKnownFileType = sourcecode.swift; path = menuUIApp.swift; sourceTree = "<group>"; };
		9A8BF033290FB8900027A617 /* ContentView.swift */ = {isa = PBXFileReference; lastKnownFileType = sourcecode.swift; path = ContentView.swift; sourceTree = "<group>"; };
		9A8BF035290FB8910027A617 /* Assets.xcassets */ = {isa = PBXFileReference; lastKnownFileType = folder.assetcatalog; path = Assets.xcassets; sourceTree = "<group>"; };
		9A8BF038290FB8910027A617 /* Preview Assets.xcassets */ = {isa = PBXFileReference; lastKnownFileType = folder.assetcatalog; path = "Preview Assets.xcassets"; sourceTree = "<group>"; };
		9A8BF03E290FB8910027A617 /* menuUITests.xctest */ = {isa = PBXFileReference; explicitFileType = wrapper.cfbundle; includeInIndex = 0; path = menuUITests.xctest; sourceTree = BUILT_PRODUCTS_DIR; };
		9A8BF042290FB8910027A617 /* menuUITests.swift */ = {isa = PBXFileReference; lastKnownFileType = sourcecode.swift; path = menuUITests.swift; sourceTree = "<group>"; };
		9A8BF048290FB8910027A617 /* menuUIUITests.xctest */ = {isa = PBXFileReference; explicitFileType = wrapper.cfbundle; includeInIndex = 0; path = menuUIUITests.xctest; sourceTree = BUILT_PRODUCTS_DIR; };
		9A8BF04C290FB8910027A617 /* menuUIUITests.swift */ = {isa = PBXFileReference; lastKnownFileType = sourcecode.swift; path = menuUIUITests.swift; sourceTree = "<group>"; };
		9A8BF04E290FB8910027A617 /* menuUIUITestsLaunchTests.swift */ = {isa = PBXFileReference; lastKnownFileType = sourcecode.swift; path = menuUIUITestsLaunchTests.swift; sourceTree = "<group>"; };
/* End PBXFileReference section */

/* Begin PBXFrameworksBuildPhase section */
		9A8BF02B290FB8900027A617 /* Frameworks */ = {
			isa = PBXFrameworksBuildPhase;
			buildActionMask = 2147483647;
			files = (
				9A8135882912838F0079153A /* PolyKit in Frameworks */,
			);
			runOnlyForDeploymentPostprocessing = 0;
		};
		9A8BF03B290FB8910027A617 /* Frameworks */ = {
			isa = PBXFrameworksBuildPhase;
			buildActionMask = 2147483647;
			files = (
			);
			runOnlyForDeploymentPostprocessing = 0;
		};
		9A8BF045290FB8910027A617 /* Frameworks */ = {
			isa = PBXFrameworksBuildPhase;
			buildActionMask = 2147483647;
			files = (
			);
			runOnlyForDeploymentPostprocessing = 0;
		};
/* End PBXFrameworksBuildPhase section */

/* Begin PBXGroup section */
		9A26C12E291A4EED00CFEC7F /* sound */ = {
			isa = PBXGroup;
			children = (
				9A26C12F291A4F1300CFEC7F /* sound.mp3 */,
			);
			path = sound;
			sourceTree = "<group>";
		};
		9A8BF025290FB8900027A617 = {
			isa = PBXGroup;
			children = (
				9A8BF030290FB8900027A617 /* menuUI */,
				9A8BF041290FB8910027A617 /* menuUITests */,
				9A8BF04B290FB8910027A617 /* menuUIUITests */,
				9A8BF02F290FB8900027A617 /* Products */,
			);
			sourceTree = "<group>";
		};
		9A8BF02F290FB8900027A617 /* Products */ = {
			isa = PBXGroup;
			children = (
				9A8BF02E290FB8900027A617 /* menuUI.app */,
				9A8BF03E290FB8910027A617 /* menuUITests.xctest */,
				9A8BF048290FB8910027A617 /* menuUIUITests.xctest */,
			);
			name = Products;
			sourceTree = "<group>";
		};
		9A8BF030290FB8900027A617 /* menuUI */ = {
			isa = PBXGroup;
			children = (
				9A26C12E291A4EED00CFEC7F /* sound */,
				9A8BF031290FB8900027A617 /* menuUIApp.swift */,
				9A8BF033290FB8900027A617 /* ContentView.swift */,
				9A8BF035290FB8910027A617 /* Assets.xcassets */,
				9A8BF037290FB8910027A617 /* Preview Content */,
				9A81358429127D1D0079153A /* dummy.swift */,
				9A26C12A2918E01400CFEC7F /* howToScanView.swift */,
				9A26C12C291A47E900CFEC7F /* hecateSoundView.swift */,
				9A26C131291B9DCB00CFEC7F /* sevenSegmentView.swift */,
			);
			path = menuUI;
			sourceTree = "<group>";
		};
		9A8BF037290FB8910027A617 /* Preview Content */ = {
			isa = PBXGroup;
			children = (
				9A8BF038290FB8910027A617 /* Preview Assets.xcassets */,
			);
			path = "Preview Content";
			sourceTree = "<group>";
		};
		9A8BF041290FB8910027A617 /* menuUITests */ = {
			isa = PBXGroup;
			children = (
				9A8BF042290FB8910027A617 /* menuUITests.swift */,
			);
			path = menuUITests;
			sourceTree = "<group>";
		};
		9A8BF04B290FB8910027A617 /* menuUIUITests */ = {
			isa = PBXGroup;
			children = (
				9A8BF04C290FB8910027A617 /* menuUIUITests.swift */,
				9A8BF04E290FB8910027A617 /* menuUIUITestsLaunchTests.swift */,
			);
			path = menuUIUITests;
			sourceTree = "<group>";
		};
/* End PBXGroup section */

/* Begin PBXNativeTarget section */
		9A8BF02D290FB8900027A617 /* menuUI */ = {
			isa = PBXNativeTarget;
			buildConfigurationList = 9A8BF052290FB8910027A617 /* Build configuration list for PBXNativeTarget "menuUI" */;
			buildPhases = (
				9A8BF02A290FB8900027A617 /* Sources */,
				9A8BF02B290FB8900027A617 /* Frameworks */,
				9A8BF02C290FB8900027A617 /* Resources */,
			);
			buildRules = (
			);
			dependencies = (
			);
			name = menuUI;
			packageProductDependencies = (
				9A8135872912838F0079153A /* PolyKit */,
			);
			productName = menuUI;
			productReference = 9A8BF02E290FB8900027A617 /* menuUI.app */;
			productType = "com.apple.product-type.application";
		};
		9A8BF03D290FB8910027A617 /* menuUITests */ = {
			isa = PBXNativeTarget;
			buildConfigurationList = 9A8BF055290FB8910027A617 /* Build configuration list for PBXNativeTarget "menuUITests" */;
			buildPhases = (
				9A8BF03A290FB8910027A617 /* Sources */,
				9A8BF03B290FB8910027A617 /* Frameworks */,
				9A8BF03C290FB8910027A617 /* Resources */,
			);
			buildRules = (
			);
			dependencies = (
				9A8BF040290FB8910027A617 /* PBXTargetDependency */,
			);
			name = menuUITests;
			productName = menuUITests;
			productReference = 9A8BF03E290FB8910027A617 /* menuUITests.xctest */;
			productType = "com.apple.product-type.bundle.unit-test";
		};
		9A8BF047290FB8910027A617 /* menuUIUITests */ = {
			isa = PBXNativeTarget;
			buildConfigurationList = 9A8BF058290FB8910027A617 /* Build configuration list for PBXNativeTarget "menuUIUITests" */;
			buildPhases = (
				9A8BF044290FB8910027A617 /* Sources */,
				9A8BF045290FB8910027A617 /* Frameworks */,
				9A8BF046290FB8910027A617 /* Resources */,
			);
			buildRules = (
			);
			dependencies = (
				9A8BF04A290FB8910027A617 /* PBXTargetDependency */,
			);
			name = menuUIUITests;
			productName = menuUIUITests;
			productReference = 9A8BF048290FB8910027A617 /* menuUIUITests.xctest */;
			productType = "com.apple.product-type.bundle.ui-testing";
		};
/* End PBXNativeTarget section */

/* Begin PBXProject section */
		9A8BF026290FB8900027A617 /* Project object */ = {
			isa = PBXProject;
			attributes = {
				BuildIndependentTargetsInParallel = 1;
				LastSwiftUpdateCheck = 1400;
				LastUpgradeCheck = 1400;
				TargetAttributes = {
					9A8BF02D290FB8900027A617 = {
						CreatedOnToolsVersion = 14.0.1;
					};
					9A8BF03D290FB8910027A617 = {
						CreatedOnToolsVersion = 14.0.1;
						TestTargetID = 9A8BF02D290FB8900027A617;
					};
					9A8BF047290FB8910027A617 = {
						CreatedOnToolsVersion = 14.0.1;
						TestTargetID = 9A8BF02D290FB8900027A617;
					};
				};
			};
			buildConfigurationList = 9A8BF029290FB8900027A617 /* Build configuration list for PBXProject "menuUI" */;
			compatibilityVersion = "Xcode 14.0";
			developmentRegion = en;
			hasScannedForEncodings = 0;
			knownRegions = (
				en,
				Base,
			);
			mainGroup = 9A8BF025290FB8900027A617;
			packageReferences = (
				9A8135862912838F0079153A /* XCRemoteSwiftPackageReference "PolyKit" */,
			);
			productRefGroup = 9A8BF02F290FB8900027A617 /* Products */;
			projectDirPath = "";
			projectRoot = "";
			targets = (
				9A8BF02D290FB8900027A617 /* menuUI */,
				9A8BF03D290FB8910027A617 /* menuUITests */,
				9A8BF047290FB8910027A617 /* menuUIUITests */,
			);
		};
/* End PBXProject section */

/* Begin PBXResourcesBuildPhase section */
		9A8BF02C290FB8900027A617 /* Resources */ = {
			isa = PBXResourcesBuildPhase;
			buildActionMask = 2147483647;
			files = (
				9A8BF039290FB8910027A617 /* Preview Assets.xcassets in Resources */,
				9A26C130291A4F1300CFEC7F /* sound.mp3 in Resources */,
				9A8BF036290FB8910027A617 /* Assets.xcassets in Resources */,
			);
			runOnlyForDeploymentPostprocessing = 0;
		};
		9A8BF03C290FB8910027A617 /* Resources */ = {
			isa = PBXResourcesBuildPhase;
			buildActionMask = 2147483647;
			files = (
			);
			runOnlyForDeploymentPostprocessing = 0;
		};
		9A8BF046290FB8910027A617 /* Resources */ = {
			isa = PBXResourcesBuildPhase;
			buildActionMask = 2147483647;
			files = (
			);
			runOnlyForDeploymentPostprocessing = 0;
		};
/* End PBXResourcesBuildPhase section */

/* Begin PBXSourcesBuildPhase section */
		9A8BF02A290FB8900027A617 /* Sources */ = {
			isa = PBXSourcesBuildPhase;
			buildActionMask = 2147483647;
			files = (
				9A26C132291B9DCB00CFEC7F /* sevenSegmentView.swift in Sources */,
				9A8BF034290FB8900027A617 /* ContentView.swift in Sources */,
				9A81358529127D1D0079153A /* dummy.swift in Sources */,
				9A8BF032290FB8900027A617 /* menuUIApp.swift in Sources */,
				9A26C12D291A47E900CFEC7F /* hecateSoundView.swift in Sources */,
				9A26C12B2918E01400CFEC7F /* howToScanView.swift in Sources */,
			);
			runOnlyForDeploymentPostprocessing = 0;
		};
		9A8BF03A290FB8910027A617 /* Sources */ = {
			isa = PBXSourcesBuildPhase;
			buildActionMask = 2147483647;
			files = (
				9A8BF043290FB8910027A617 /* menuUITests.swift in Sources */,
			);
			runOnlyForDeploymentPostprocessing = 0;
		};
		9A8BF044290FB8910027A617 /* Sources */ = {
			isa = PBXSourcesBuildPhase;
			buildActionMask = 2147483647;
			files = (
				9A8BF04D290FB8910027A617 /* menuUIUITests.swift in Sources */,
				9A8BF04F290FB8910027A617 /* menuUIUITestsLaunchTests.swift in Sources */,
			);
			runOnlyForDeploymentPostprocessing = 0;
		};
/* End PBXSourcesBuildPhase section */

/* Begin PBXTargetDependency section */
		9A8BF040290FB8910027A617 /* PBXTargetDependency */ = {
			isa = PBXTargetDependency;
			target = 9A8BF02D290FB8900027A617 /* menuUI */;
			targetProxy = 9A8BF03F290FB8910027A617 /* PBXContainerItemProxy */;
		};
		9A8BF04A290FB8910027A617 /* PBXTargetDependency */ = {
			isa = PBXTargetDependency;
			target = 9A8BF02D290FB8900027A617 /* menuUI */;
			targetProxy = 9A8BF049290FB8910027A617 /* PBXContainerItemProxy */;
		};
/* End PBXTargetDependency section */

/* Begin XCBuildConfiguration section */
		9A8BF050290FB8910027A617 /* Debug */ = {
			isa = XCBuildConfiguration;
			buildSettings = {
				ALWAYS_SEARCH_USER_PATHS = NO;
				CLANG_ANALYZER_NONNULL = YES;
				CLANG_ANALYZER_NUMBER_OBJECT_CONVERSION = YES_AGGRESSIVE;
				CLANG_CXX_LANGUAGE_STANDARD = "gnu++20";
				CLANG_ENABLE_MODULES = YES;
				CLANG_ENABLE_OBJC_ARC = YES;
				CLANG_ENABLE_OBJC_WEAK = YES;
				CLANG_WARN_BLOCK_CAPTURE_AUTORELEASING = YES;
				CLANG_WARN_BOOL_CONVERSION = YES;
				CLANG_WARN_COMMA = YES;
				CLANG_WARN_CONSTANT_CONVERSION = YES;
				CLANG_WARN_DEPRECATED_OBJC_IMPLEMENTATIONS = YES;
				CLANG_WARN_DIRECT_OBJC_ISA_USAGE = YES_ERROR;
				CLANG_WARN_DOCUMENTATION_COMMENTS = YES;
				CLANG_WARN_EMPTY_BODY = YES;
				CLANG_WARN_ENUM_CONVERSION = YES;
				CLANG_WARN_INFINITE_RECURSION = YES;
				CLANG_WARN_INT_CONVERSION = YES;
				CLANG_WARN_NON_LITERAL_NULL_CONVERSION = YES;
				CLANG_WARN_OBJC_IMPLICIT_RETAIN_SELF = YES;
				CLANG_WARN_OBJC_LITERAL_CONVERSION = YES;
				CLANG_WARN_OBJC_ROOT_CLASS = YES_ERROR;
				CLANG_WARN_QUOTED_INCLUDE_IN_FRAMEWORK_HEADER = YES;
				CLANG_WARN_RANGE_LOOP_ANALYSIS = YES;
				CLANG_WARN_STRICT_PROTOTYPES = YES;
				CLANG_WARN_SUSPICIOUS_MOVE = YES;
				CLANG_WARN_UNGUARDED_AVAILABILITY = YES_AGGRESSIVE;
				CLANG_WARN_UNREACHABLE_CODE = YES;
				CLANG_WARN__DUPLICATE_METHOD_MATCH = YES;
				COPY_PHASE_STRIP = NO;
				DEBUG_INFORMATION_FORMAT = dwarf;
				ENABLE_STRICT_OBJC_MSGSEND = YES;
				ENABLE_TESTABILITY = YES;
				GCC_C_LANGUAGE_STANDARD = gnu11;
				GCC_DYNAMIC_NO_PIC = NO;
				GCC_NO_COMMON_BLOCKS = YES;
				GCC_OPTIMIZATION_LEVEL = 0;
				GCC_PREPROCESSOR_DEFINITIONS = (
					"DEBUG=1",
					"$(inherited)",
				);
				GCC_WARN_64_TO_32_BIT_CONVERSION = YES;
				GCC_WARN_ABOUT_RETURN_TYPE = YES_ERROR;
				GCC_WARN_UNDECLARED_SELECTOR = YES;
				GCC_WARN_UNINITIALIZED_AUTOS = YES_AGGRESSIVE;
				GCC_WARN_UNUSED_FUNCTION = YES;
				GCC_WARN_UNUSED_VARIABLE = YES;
				IPHONEOS_DEPLOYMENT_TARGET = 16.0;
				MTL_ENABLE_DEBUG_INFO = INCLUDE_SOURCE;
				MTL_FAST_MATH = YES;
				ONLY_ACTIVE_ARCH = YES;
				SDKROOT = iphoneos;
				SWIFT_ACTIVE_COMPILATION_CONDITIONS = DEBUG;
				SWIFT_OPTIMIZATION_LEVEL = "-Onone";
			};
			name = Debug;
		};
		9A8BF051290FB8910027A617 /* Release */ = {
			isa = XCBuildConfiguration;
			buildSettings = {
				ALWAYS_SEARCH_USER_PATHS = NO;
				CLANG_ANALYZER_NONNULL = YES;
				CLANG_ANALYZER_NUMBER_OBJECT_CONVERSION = YES_AGGRESSIVE;
				CLANG_CXX_LANGUAGE_STANDARD = "gnu++20";
				CLANG_ENABLE_MODULES = YES;
				CLANG_ENABLE_OBJC_ARC = YES;
				CLANG_ENABLE_OBJC_WEAK = YES;
				CLANG_WARN_BLOCK_CAPTURE_AUTORELEASING = YES;
				CLANG_WARN_BOOL_CONVERSION = YES;
				CLANG_WARN_COMMA = YES;
				CLANG_WARN_CONSTANT_CONVERSION = YES;
				CLANG_WARN_DEPRECATED_OBJC_IMPLEMENTATIONS = YES;
				CLANG_WARN_DIRECT_OBJC_ISA_USAGE = YES_ERROR;
				CLANG_WARN_DOCUMENTATION_COMMENTS = YES;
				CLANG_WARN_EMPTY_BODY = YES;
				CLANG_WARN_ENUM_CONVERSION = YES;
				CLANG_WARN_INFINITE_RECURSION = YES;
				CLANG_WARN_INT_CONVERSION = YES;
				CLANG_WARN_NON_LITERAL_NULL_CONVERSION = YES;
				CLANG_WARN_OBJC_IMPLICIT_RETAIN_SELF = YES;
				CLANG_WARN_OBJC_LITERAL_CONVERSION = YES;
				CLANG_WARN_OBJC_ROOT_CLASS = YES_ERROR;
				CLANG_WARN_QUOTED_INCLUDE_IN_FRAMEWORK_HEADER = YES;
				CLANG_WARN_RANGE_LOOP_ANALYSIS = YES;
				CLANG_WARN_STRICT_PROTOTYPES = YES;
				CLANG_WARN_SUSPICIOUS_MOVE = YES;
				CLANG_WARN_UNGUARDED_AVAILABILITY = YES_AGGRESSIVE;
				CLANG_WARN_UNREACHABLE_CODE = YES;
				CLANG_WARN__DUPLICATE_METHOD_MATCH = YES;
				COPY_PHASE_STRIP = NO;
				DEBUG_INFORMATION_FORMAT = "dwarf-with-dsym";
				ENABLE_NS_ASSERTIONS = NO;
				ENABLE_STRICT_OBJC_MSGSEND = YES;
				GCC_C_LANGUAGE_STANDARD = gnu11;
				GCC_NO_COMMON_BLOCKS = YES;
				GCC_WARN_64_TO_32_BIT_CONVERSION = YES;
				GCC_WARN_ABOUT_RETURN_TYPE = YES_ERROR;
				GCC_WARN_UNDECLARED_SELECTOR = YES;
				GCC_WARN_UNINITIALIZED_AUTOS = YES_AGGRESSIVE;
				GCC_WARN_UNUSED_FUNCTION = YES;
				GCC_WARN_UNUSED_VARIABLE = YES;
				IPHONEOS_DEPLOYMENT_TARGET = 16.0;
				MTL_ENABLE_DEBUG_INFO = NO;
				MTL_FAST_MATH = YES;
				SDKROOT = iphoneos;
				SWIFT_COMPILATION_MODE = wholemodule;
				SWIFT_OPTIMIZATION_LEVEL = "-O";
				VALIDATE_PRODUCT = YES;
			};
			name = Release;
		};
		9A8BF053290FB8910027A617 /* Debug */ = {
			isa = XCBuildConfiguration;
			buildSettings = {
				ASSETCATALOG_COMPILER_APPICON_NAME = AppIcon;
				ASSETCATALOG_COMPILER_GLOBAL_ACCENT_COLOR_NAME = AccentColor;
				CODE_SIGN_STYLE = Automatic;
				CURRENT_PROJECT_VERSION = 1;
				DEVELOPMENT_ASSET_PATHS = "\"menuUI/Preview Content\"";
				DEVELOPMENT_TEAM = 399XHYS84F;
				ENABLE_PREVIEWS = YES;
				GENERATE_INFOPLIST_FILE = YES;
				INFOPLIST_KEY_UIApplicationSceneManifest_Generation = YES;
				INFOPLIST_KEY_UIApplicationSupportsIndirectInputEvents = YES;
				INFOPLIST_KEY_UILaunchScreen_Generation = YES;
				INFOPLIST_KEY_UISupportedInterfaceOrientations_iPad = "UIInterfaceOrientationPortrait UIInterfaceOrientationPortraitUpsideDown UIInterfaceOrientationLandscapeLeft UIInterfaceOrientationLandscapeRight";
				INFOPLIST_KEY_UISupportedInterfaceOrientations_iPhone = "UIInterfaceOrientationPortrait UIInterfaceOrientationLandscapeLeft UIInterfaceOrientationLandscapeRight";
				LD_RUNPATH_SEARCH_PATHS = (
					"$(inherited)",
					"@executable_path/Frameworks",
				);
				MARKETING_VERSION = 1.0;
				PRODUCT_BUNDLE_IDENTIFIER = com.michelle.menuUI;
				PRODUCT_NAME = "$(TARGET_NAME)";
				SWIFT_EMIT_LOC_STRINGS = YES;
				SWIFT_VERSION = 5.0;
				TARGETED_DEVICE_FAMILY = "1,2";
			};
			name = Debug;
		};
		9A8BF054290FB8910027A617 /* Release */ = {
			isa = XCBuildConfiguration;
			buildSettings = {
				ASSETCATALOG_COMPILER_APPICON_NAME = AppIcon;
				ASSETCATALOG_COMPILER_GLOBAL_ACCENT_COLOR_NAME = AccentColor;
				CODE_SIGN_STYLE = Automatic;
				CURRENT_PROJECT_VERSION = 1;
				DEVELOPMENT_ASSET_PATHS = "\"menuUI/Preview Content\"";
				DEVELOPMENT_TEAM = 399XHYS84F;
				ENABLE_PREVIEWS = YES;
				GENERATE_INFOPLIST_FILE = YES;
				INFOPLIST_KEY_UIApplicationSceneManifest_Generation = YES;
				INFOPLIST_KEY_UIApplicationSupportsIndirectInputEvents = YES;
				INFOPLIST_KEY_UILaunchScreen_Generation = YES;
				INFOPLIST_KEY_UISupportedInterfaceOrientations_iPad = "UIInterfaceOrientationPortrait UIInterfaceOrientationPortraitUpsideDown UIInterfaceOrientationLandscapeLeft UIInterfaceOrientationLandscapeRight";
				INFOPLIST_KEY_UISupportedInterfaceOrientations_iPhone = "UIInterfaceOrientationPortrait UIInterfaceOrientationLandscapeLeft UIInterfaceOrientationLandscapeRight";
				LD_RUNPATH_SEARCH_PATHS = (
					"$(inherited)",
					"@executable_path/Frameworks",
				);
				MARKETING_VERSION = 1.0;
				PRODUCT_BUNDLE_IDENTIFIER = com.michelle.menuUI;
				PRODUCT_NAME = "$(TARGET_NAME)";
				SWIFT_EMIT_LOC_STRINGS = YES;
				SWIFT_VERSION = 5.0;
				TARGETED_DEVICE_FAMILY = "1,2";
			};
			name = Release;
		};
		9A8BF056290FB8910027A617 /* Debug */ = {
			isa = XCBuildConfiguration;
			buildSettings = {
				ALWAYS_EMBED_SWIFT_STANDARD_LIBRARIES = YES;
				BUNDLE_LOADER = "$(TEST_HOST)";
				CODE_SIGN_STYLE = Automatic;
				CURRENT_PROJECT_VERSION = 1;
				DEVELOPMENT_TEAM = 399XHYS84F;
				GENERATE_INFOPLIST_FILE = YES;
				IPHONEOS_DEPLOYMENT_TARGET = 16.0;
				MARKETING_VERSION = 1.0;
				PRODUCT_BUNDLE_IDENTIFIER = com.michelle.menuUITests;
				PRODUCT_NAME = "$(TARGET_NAME)";
				SWIFT_EMIT_LOC_STRINGS = NO;
				SWIFT_VERSION = 5.0;
				TARGETED_DEVICE_FAMILY = "1,2";
				TEST_HOST = "$(BUILT_PRODUCTS_DIR)/menuUI.app/$(BUNDLE_EXECUTABLE_FOLDER_PATH)/menuUI";
			};
			name = Debug;
		};
		9A8BF057290FB8910027A617 /* Release */ = {
			isa = XCBuildConfiguration;
			buildSettings = {
				ALWAYS_EMBED_SWIFT_STANDARD_LIBRARIES = YES;
				BUNDLE_LOADER = "$(TEST_HOST)";
				CODE_SIGN_STYLE = Automatic;
				CURRENT_PROJECT_VERSION = 1;
				DEVELOPMENT_TEAM = 399XHYS84F;
				GENERATE_INFOPLIST_FILE = YES;
				IPHONEOS_DEPLOYMENT_TARGET = 16.0;
				MARKETING_VERSION = 1.0;
				PRODUCT_BUNDLE_IDENTIFIER = com.michelle.menuUITests;
				PRODUCT_NAME = "$(TARGET_NAME)";
				SWIFT_EMIT_LOC_STRINGS = NO;
				SWIFT_VERSION = 5.0;
				TARGETED_DEVICE_FAMILY = "1,2";
				TEST_HOST = "$(BUILT_PRODUCTS_DIR)/menuUI.app/$(BUNDLE_EXECUTABLE_FOLDER_PATH)/menuUI";
			};
			name = Release;
		};
		9A8BF059290FB8910027A617 /* Debug */ = {
			isa = XCBuildConfiguration;
			buildSettings = {
				ALWAYS_EMBED_SWIFT_STANDARD_LIBRARIES = YES;
				CODE_SIGN_STYLE = Automatic;
				CURRENT_PROJECT_VERSION = 1;
				DEVELOPMENT_TEAM = 399XHYS84F;
				GENERATE_INFOPLIST_FILE = YES;
				MARKETING_VERSION = 1.0;
				PRODUCT_BUNDLE_IDENTIFIER = com.michelle.menuUIUITests;
				PRODUCT_NAME = "$(TARGET_NAME)";
				SWIFT_EMIT_LOC_STRINGS = NO;
				SWIFT_VERSION = 5.0;
				TARGETED_DEVICE_FAMILY = "1,2";
				TEST_TARGET_NAME = menuUI;
			};
			name = Debug;
		};
		9A8BF05A290FB8910027A617 /* Release */ = {
			isa = XCBuildConfiguration;
			buildSettings = {
				ALWAYS_EMBED_SWIFT_STANDARD_LIBRARIES = YES;
				CODE_SIGN_STYLE = Automatic;
				CURRENT_PROJECT_VERSION = 1;
				DEVELOPMENT_TEAM = 399XHYS84F;
				GENERATE_INFOPLIST_FILE = YES;
				MARKETING_VERSION = 1.0;
				PRODUCT_BUNDLE_IDENTIFIER = com.michelle.menuUIUITests;
				PRODUCT_NAME = "$(TARGET_NAME)";
				SWIFT_EMIT_LOC_STRINGS = NO;
				SWIFT_VERSION = 5.0;
				TARGETED_DEVICE_FAMILY = "1,2";
				TEST_TARGET_NAME = menuUI;
			};
			name = Release;
		};
/* End XCBuildConfiguration section */

/* Begin XCConfigurationList section */
		9A8BF029290FB8900027A617 /* Build configuration list for PBXProject "menuUI" */ = {
			isa = XCConfigurationList;
			buildConfigurations = (
				9A8BF050290FB8910027A617 /* Debug */,
				9A8BF051290FB8910027A617 /* Release */,
			);
			defaultConfigurationIsVisible = 0;
			defaultConfigurationName = Release;
		};
		9A8BF052290FB8910027A617 /* Build configuration list for PBXNativeTarget "menuUI" */ = {
			isa = XCConfigurationList;
			buildConfigurations = (
				9A8BF053290FB8910027A617 /* Debug */,
				9A8BF054290FB8910027A617 /* Release */,
			);
			defaultConfigurationIsVisible = 0;
			defaultConfigurationName = Release;
		};
		9A8BF055290FB8910027A617 /* Build configuration list for PBXNativeTarget "menuUITests" */ = {
			isa = XCConfigurationList;
			buildConfigurations = (
				9A8BF056290FB8910027A617 /* Debug */,
				9A8BF057290FB8910027A617 /* Release */,
			);
			defaultConfigurationIsVisible = 0;
			defaultConfigurationName = Release;
		};
		9A8BF058290FB8910027A617 /* Build configuration list for PBXNativeTarget "menuUIUITests" */ = {
			isa = XCConfigurationList;
			buildConfigurations = (
				9A8BF059290FB8910027A617 /* Debug */,
				9A8BF05A290FB8910027A617 /* Release */,
			);
			defaultConfigurationIsVisible = 0;
			defaultConfigurationName = Release;
		};
/* End XCConfigurationList section */

/* Begin XCRemoteSwiftPackageReference section */
		9A8135862912838F0079153A /* XCRemoteSwiftPackageReference "PolyKit" */ = {
			isa = XCRemoteSwiftPackageReference;
			repositoryURL = "https://github.com/heestand-xyz/PolyKit";
			requirement = {
				kind = upToNextMajorVersion;
				minimumVersion = 2.0.0;
			};
		};
/* End XCRemoteSwiftPackageReference section */

/* Begin XCSwiftPackageProductDependency section */
		9A8135872912838F0079153A /* PolyKit */ = {
			isa = XCSwiftPackageProductDependency;
			package = 9A8135862912838F0079153A /* XCRemoteSwiftPackageReference "PolyKit" */;
			productName = PolyKit;
		};
/* End XCSwiftPackageProductDependency section */
	};
	rootObject = 9A8BF026290FB8900027A617 /* Project object */;
}
